// !$*UTF8*$!
{
	archiveVersion = 1;
	classes = {
	};
	objectVersion = 110;
	objects = {

/* Begin PBXBuildFile section */
		AB00CA0000000000000000A2 /* ComposableArchitecture in Frameworks */ = {isa = PBXBuildFile; productRef = AB00CA0000000000000000A1 /* ComposableArchitecture */; };
		AB00CA0000000000000000B2 /* Markdown in Frameworks */ = {isa = PBXBuildFile; productRef = AB00CA0000000000000000B1 /* Markdown */; };
		FDFD010000000000000000E1 /* StrideFileProvider.appex in Embed Foundation Extensions */ = {isa = PBXBuildFile; fileRef = FDFD010000000000000000A0 /* StrideFileProvider.appex */; settings = {ATTRIBUTES = (RemoveHeadersOnCopy, ); }; };
/* End PBXBuildFile section */

/* Begin PBXContainerItemProxy section */
		FA95935F2FE7ECAB00C23AFA /* PBXContainerItemProxy */ = {
			isa = PBXContainerItemProxy;
			containerPortal = FA9593472FE7ECAA00C23AFA /* Project object */;
			proxyType = 1;
			remoteGlobalIDString = FA95934E2FE7ECAA00C23AFA;
			remoteInfo = Stride;
		};
		FA9593692FE7ECAB00C23AFA /* PBXContainerItemProxy */ = {
			isa = PBXContainerItemProxy;
			containerPortal = FA9593472FE7ECAA00C23AFA /* Project object */;
			proxyType = 1;
			remoteGlobalIDString = FA95934E2FE7ECAA00C23AFA;
			remoteInfo = Stride;
		};
		FDFD010000000000000000F0 /* PBXContainerItemProxy */ = {
			isa = PBXContainerItemProxy;
			containerPortal = FA9593472FE7ECAA00C23AFA /* Project object */;
			proxyType = 1;
			remoteGlobalIDString = FDFD010000000000000000C0;
			remoteInfo = StrideFileProvider;
		};
/* End PBXContainerItemProxy section */

/* Begin PBXCopyFilesBuildPhase section */
		FDFD010000000000000000E0 /* Embed Foundation Extensions */ = {
			isa = PBXCopyFilesBuildPhase;
			dstPath = "";
			dstSubfolder = PlugIns;
			files = (
				FDFD010000000000000000E1 /* StrideFileProvider.appex in Embed Foundation Extensions */,
			);
			name = "Embed Foundation Extensions";
		};
/* End PBXCopyFilesBuildPhase section */

/* Begin PBXFileReference section */
		FA95934F2FE7ECAA00C23AFA /* Stride.app */ = {isa = PBXFileReference; explicitFileType = wrapper.application; includeInIndex = 0; path = Stride.app; sourceTree = BUILT_PRODUCTS_DIR; };
		FA95935E2FE7ECAB00C23AFA /* StrideTests.xctest */ = {isa = PBXFileReference; explicitFileType = wrapper.cfbundle; includeInIndex = 0; path = StrideTests.xctest; sourceTree = BUILT_PRODUCTS_DIR; };
		FA9593682FE7ECAB00C23AFA /* StrideUITests.xctest */ = {isa = PBXFileReference; explicitFileType = wrapper.cfbundle; includeInIndex = 0; path = StrideUITests.xctest; sourceTree = BUILT_PRODUCTS_DIR; };
		FDFD010000000000000000A0 /* StrideFileProvider.appex */ = {isa = PBXFileReference; explicitFileType = "wrapper.app-extension"; includeInIndex = 0; path = StrideFileProvider.appex; sourceTree = BUILT_PRODUCTS_DIR; };
/* End PBXFileReference section */

/* Begin PBXFileSystemSynchronizedBuildFileExceptionSet section */
		FDFD010000000000000000B1 /* Exceptions for "StrideFileProvider" folder in "StrideFileProvider" target */ = {
			isa = PBXFileSystemSynchronizedBuildFileExceptionSet;
			membershipExceptions = (
				Info.plist,
			);
			target = FDFD010000000000000000C0 /* StrideFileProvider */;
		};
/* End PBXFileSystemSynchronizedBuildFileExceptionSet section */

/* Begin PBXFileSystemSynchronizedRootGroup section */
		FA9593512FE7ECAA00C23AFA /* Stride */ = {
			isa = PBXFileSystemSynchronizedRootGroup;
			path = Stride;
			sourceTree = "<group>";
		};
		FA9593612FE7ECAB00C23AFA /* StrideTests */ = {
			isa = PBXFileSystemSynchronizedRootGroup;
			path = StrideTests;
			sourceTree = "<group>";
		};
		FA95936B2FE7ECAB00C23AFA /* StrideUITests */ = {
			isa = PBXFileSystemSynchronizedRootGroup;
			path = StrideUITests;
			sourceTree = "<group>";
		};
		FDFD010000000000000000B0 /* StrideFileProvider */ = {
			isa = PBXFileSystemSynchronizedRootGroup;
			exceptions = (
				FDFD010000000000000000B1 /* Exceptions for "StrideFileProvider" folder in "StrideFileProvider" target */,
			);
			path = StrideFileProvider;
			sourceTree = "<group>";
		};
/* End PBXFileSystemSynchronizedRootGroup section */

/* Begin PBXFrameworksBuildPhase section */
		FA95934C2FE7ECAA00C23AFA /* Frameworks */ = {
			isa = PBXFrameworksBuildPhase;
			files = (
				AB00CA0000000000000000A2 /* ComposableArchitecture in Frameworks */,
				AB00CA0000000000000000B2 /* Markdown in Frameworks */,
			);
		};
		FA95935B2FE7ECAB00C23AFA /* Frameworks */ = {
			isa = PBXFrameworksBuildPhase;
			files = (
			);
		};
		FA9593652FE7ECAB00C23AFA /* Frameworks */ = {
			isa = PBXFrameworksBuildPhase;
			files = (
			);
		};
		FDFD010000000000000000D1 /* Frameworks */ = {
			isa = PBXFrameworksBuildPhase;
			files = (
			);
		};
/* End PBXFrameworksBuildPhase section */

/* Begin PBXGroup section */
		FA9593462FE7ECAA00C23AFA = {
			isa = PBXGroup;
			children = (
				FA9593512FE7ECAA00C23AFA /* Stride */,
				FA9593612FE7ECAB00C23AFA /* StrideTests */,
				FA95936B2FE7ECAB00C23AFA /* StrideUITests */,
				FDFD010000000000000000B0 /* StrideFileProvider */,
				FA9593502FE7ECAA00C23AFA /* Products */,
			);
			sourceTree = "<group>";
		};
		FA9593502FE7ECAA00C23AFA /* Products */ = {
			isa = PBXGroup;
			children = (
				FA95934F2FE7ECAA00C23AFA /* Stride.app */,
				FA95935E2FE7ECAB00C23AFA /* StrideTests.xctest */,
				FA9593682FE7ECAB00C23AFA /* StrideUITests.xctest */,
				FDFD010000000000000000A0 /* StrideFileProvider.appex */,
			);
			name = Products;
			sourceTree = "<group>";
		};
/* End PBXGroup section */

/* Begin PBXNativeTarget section */
		FA95934E2FE7ECAA00C23AFA /* Stride */ = {
			isa = PBXNativeTarget;
			buildConfigurationList = FA9593702FE7ECAB00C23AFA /* Build configuration list for PBXNativeTarget "Stride" */;
			buildPhases = (
				FA95934B2FE7ECAA00C23AFA /* Sources */,
				FA95934C2FE7ECAA00C23AFA /* Frameworks */,
				FA95934D2FE7ECAA00C23AFA /* Resources */,
				FDFD010000000000000000E0 /* Embed Foundation Extensions */,
			);
			buildRules = (
			);
			dependencies = (
				FDFD010000000000000000F1 /* PBXTargetDependency */,
			);
			fileSystemSynchronizedGroups = (
				FA9593512FE7ECAA00C23AFA /* Stride */,
			);
			name = Stride;
			packageProductDependencies = (
				AB00CA0000000000000000A1 /* ComposableArchitecture */,
				AB00CA0000000000000000B1 /* Markdown */,
			);
			productName = Stride;
			productReference = FA95934F2FE7ECAA00C23AFA /* Stride.app */;
			productType = "com.apple.product-type.application";
		};
		FA95935D2FE7ECAB00C23AFA /* StrideTests */ = {
			isa = PBXNativeTarget;
			buildConfigurationList = FA9593732FE7ECAB00C23AFA /* Build configuration list for PBXNativeTarget "StrideTests" */;
			buildPhases = (
				FA95935A2FE7ECAB00C23AFA /* Sources */,
				FA95935B2FE7ECAB00C23AFA /* Frameworks */,
				FA95935C2FE7ECAB00C23AFA /* Resources */,
			);
			buildRules = (
			);
			dependencies = (
				FA9593602FE7ECAB00C23AFA /* PBXTargetDependency */,
			);
			fileSystemSynchronizedGroups = (
				FA9593612FE7ECAB00C23AFA /* StrideTests */,
			);
			name = StrideTests;
			productName = StrideTests;
			productReference = FA95935E2FE7ECAB00C23AFA /* StrideTests.xctest */;
			productType = "com.apple.product-type.bundle.unit-test";
		};
		FA9593672FE7ECAB00C23AFA /* StrideUITests */ = {
			isa = PBXNativeTarget;
			buildConfigurationList = FA9593762FE7ECAB00C23AFA /* Build configuration list for PBXNativeTarget "StrideUITests" */;
			buildPhases = (
				FA9593642FE7ECAB00C23AFA /* Sources */,
				FA9593652FE7ECAB00C23AFA /* Frameworks */,
				FA9593662FE7ECAB00C23AFA /* Resources */,
			);
			buildRules = (
			);
			dependencies = (
				FA95936A2FE7ECAB00C23AFA /* PBXTargetDependency */,
			);
			fileSystemSynchronizedGroups = (
				FA95936B2FE7ECAB00C23AFA /* StrideUITests */,
			);
			name = StrideUITests;
			productName = StrideUITests;
			productReference = FA9593682FE7ECAB00C23AFA /* StrideUITests.xctest */;
			productType = "com.apple.product-type.bundle.ui-testing";
		};
		FDFD010000000000000000C0 /* StrideFileProvider */ = {
			isa = PBXNativeTarget;
			buildConfigurationList = FDFD0100000000000000010A /* Build configuration list for PBXNativeTarget "StrideFileProvider" */;
			buildPhases = (
				FDFD010000000000000000D0 /* Sources */,
				FDFD010000000000000000D1 /* Frameworks */,
				FDFD010000000000000000D2 /* Resources */,
			);
			buildRules = (
			);
			fileSystemSynchronizedGroups = (
				FDFD010000000000000000B0 /* StrideFileProvider */,
			);
			name = StrideFileProvider;
			productName = StrideFileProvider;
			productReference = FDFD010000000000000000A0 /* StrideFileProvider.appex */;
			productType = "com.apple.product-type.app-extension";
		};
/* End PBXNativeTarget section */

/* Begin PBXProject section */
		FA9593472FE7ECAA00C23AFA /* Project object */ = {
			isa = PBXProject;
			attributes = {
				BuildIndependentTargetsInParallel = 1;
				LastSwiftUpdateCheck = 2700;
				LastUpgradeCheck = 2700;
				TargetAttributes = {
					FA95934E2FE7ECAA00C23AFA = {
						CreatedOnToolsVersion = 27.0;
					};
					FA95935D2FE7ECAB00C23AFA = {
						CreatedOnToolsVersion = 27.0;
						TestTargetID = FA95934E2FE7ECAA00C23AFA;
					};
					FA9593672FE7ECAB00C23AFA = {
						CreatedOnToolsVersion = 27.0;
						TestTargetID = FA95934E2FE7ECAA00C23AFA;
					};
					FDFD010000000000000000C0 = {
						CreatedOnToolsVersion = 27.0;
					};
				};
			};
			buildConfigurationList = FA95934A2FE7ECAA00C23AFA /* Build configuration list for PBXProject "Stride" */;
			developmentRegion = en;
			hasScannedForEncodings = 0;
			knownRegions = (
				en,
				Base,
			);
			mainGroup = FA9593462FE7ECAA00C23AFA;
			minimizedProjectReferenceProxies = 1;
			packageReferences = (
				FA9593792FE7ED1000C23AFA /* XCRemoteSwiftPackageReference "swift-composable-architecture" */,
				AB00CA0000000000000000B0 /* XCRemoteSwiftPackageReference "swift-markdown" */,
			);
			preferredProjectObjectVersion = 77;
			productRefGroup = FA9593502FE7ECAA00C23AFA /* Products */;
			projectDirPath = "";
			projectRoot = "";
			targets = (
				FA95934E2FE7ECAA00C23AFA /* Stride */,
				FA95935D2FE7ECAB00C23AFA /* StrideTests */,
				FA9593672FE7ECAB00C23AFA /* StrideUITests */,
				FDFD010000000000000000C0 /* StrideFileProvider */,
			);
		};
/* End PBXProject section */

/* Begin PBXResourcesBuildPhase section */
		FA95934D2FE7ECAA00C23AFA /* Resources */ = {
			isa = PBXResourcesBuildPhase;
			files = (
			);
		};
		FA95935C2FE7ECAB00C23AFA /* Resources */ = {
			isa = PBXResourcesBuildPhase;
			files = (
			);
		};
		FA9593662FE7ECAB00C23AFA /* Resources */ = {
			isa = PBXResourcesBuildPhase;
			files = (
			);
		};
		FDFD010000000000000000D2 /* Resources */ = {
			isa = PBXResourcesBuildPhase;
			files = (
			);
		};
/* End PBXResourcesBuildPhase section */

/* Begin PBXSourcesBuildPhase section */
		FA95934B2FE7ECAA00C23AFA /* Sources */ = {
			isa = PBXSourcesBuildPhase;
			files = (
			);
		};
		FA95935A2FE7ECAB00C23AFA /* Sources */ = {
			isa = PBXSourcesBuildPhase;
			files = (
			);
		};
		FA9593642FE7ECAB00C23AFA /* Sources */ = {
			isa = PBXSourcesBuildPhase;
			files = (
			);
		};
		FDFD010000000000000000D0 /* Sources */ = {
			isa = PBXSourcesBuildPhase;
			files = (
			);
		};
/* End PBXSourcesBuildPhase section */

/* Begin PBXTargetDependency section */
		FA9593602FE7ECAB00C23AFA /* PBXTargetDependency */ = {
			isa = PBXTargetDependency;
			target = FA95934E2FE7ECAA00C23AFA /* Stride */;
			targetProxy = FA95935F2FE7ECAB00C23AFA /* PBXContainerItemProxy */;
		};
		FA95936A2FE7ECAB00C23AFA /* PBXTargetDependency */ = {
			isa = PBXTargetDependency;
			target = FA95934E2FE7ECAA00C23AFA /* Stride */;
			targetProxy = FA9593692FE7ECAB00C23AFA /* PBXContainerItemProxy */;
		};
		FDFD010000000000000000F1 /* PBXTargetDependency */ = {
			isa = PBXTargetDependency;
			target = FDFD010000000000000000C0 /* StrideFileProvider */;
			targetProxy = FDFD010000000000000000F0 /* PBXContainerItemProxy */;
		};
/* End PBXTargetDependency section */

/* Begin XCBuildConfiguration section */
		FA95936E2FE7ECAB00C23AFA /* Debug configuration for PBXProject "Stride" */ = {
			isa = XCBuildConfiguration;
			buildSettings = {
				ALWAYS_SEARCH_USER_PATHS = NO;
				ASSETCATALOG_COMPILER_GENERATE_SWIFT_ASSET_SYMBOL_EXTENSIONS = YES;
				CLANG_ANALYZER_NONNULL = YES;
				CLANG_ANALYZER_NUMBER_OBJECT_CONVERSION = YES_AGGRESSIVE;
				CLANG_CXX_LANGUAGE_STANDARD = "gnu++20";
				CLANG_ENABLE_MODULES = YES;
				CLANG_ENABLE_OBJC_ARC = YES;
				CLANG_ENABLE_OBJC_WEAK = YES;
				CLANG_WARN_BLOCK_CAPTURE_AUTORELEASING = YES;
				CLANG_WARN_BOOL_CONVERSION = YES;
				CLANG_WARN_COMMA = YES;
				CLANG_WARN_CONSTANT_CONVERSION = YES;
				CLANG_WARN_DEPRECATED_OBJC_IMPLEMENTATIONS = YES;
				CLANG_WARN_DIRECT_OBJC_ISA_USAGE = YES_ERROR;
				CLANG_WARN_DOCUMENTATION_COMMENTS = YES;
				CLANG_WARN_EMPTY_BODY = YES;
				CLANG_WARN_ENUM_CONVERSION = YES;
				CLANG_WARN_INFINITE_RECURSION = YES;
				CLANG_WARN_INT_CONVERSION = YES;
				CLANG_WARN_NON_LITERAL_NULL_CONVERSION = YES;
				CLANG_WARN_OBJC_IMPLICIT_RETAIN_SELF = YES;
				CLANG_WARN_OBJC_LITERAL_CONVERSION = YES;
				CLANG_WARN_OBJC_ROOT_CLASS = YES_ERROR;
				CLANG_WARN_QUOTED_INCLUDE_IN_FRAMEWORK_HEADER = YES;
				CLANG_WARN_RANGE_LOOP_ANALYSIS = YES;
				CLANG_WARN_STRICT_PROTOTYPES = YES;
				CLANG_WARN_SUSPICIOUS_MOVE = YES;
				CLANG_WARN_UNGUARDED_AVAILABILITY = YES_AGGRESSIVE;
				CLANG_WARN_UNREACHABLE_CODE = YES;
				CLANG_WARN__DUPLICATE_METHOD_MATCH = YES;
				COPY_PHASE_STRIP = NO;
				DEBUG_INFORMATION_FORMAT = dwarf;
				DEVELOPMENT_TEAM = 5Q23Q4QC3S;
				ENABLE_STRICT_OBJC_MSGSEND = YES;
				ENABLE_TESTABILITY = YES;
				ENABLE_USER_SCRIPT_SANDBOXING = YES;
				GCC_C_LANGUAGE_STANDARD = gnu17;
				GCC_DYNAMIC_NO_PIC = NO;
				GCC_NO_COMMON_BLOCKS = YES;
				GCC_OPTIMIZATION_LEVEL = 0;
				GCC_PREPROCESSOR_DEFINITIONS = (
					"DEBUG=1",
					"$(inherited)",
				);
				GCC_WARN_64_TO_32_BIT_CONVERSION = YES;
				GCC_WARN_ABOUT_RETURN_TYPE = YES_ERROR;
				GCC_WARN_UNDECLARED_SELECTOR = YES;
				GCC_WARN_UNINITIALIZED_AUTOS = YES_AGGRESSIVE;
				GCC_WARN_UNUSED_FUNCTION = YES;
				GCC_WARN_UNUSED_VARIABLE = YES;
				LOCALIZATION_PREFERS_STRING_CATALOGS = YES;
				MTL_ENABLE_DEBUG_INFO = INCLUDE_SOURCE;
				MTL_FAST_MATH = YES;
				ONLY_ACTIVE_ARCH = YES;
				SWIFT_ACTIVE_COMPILATION_CONDITIONS = "DEBUG $(inherited)";
				SWIFT_OPTIMIZATION_LEVEL = "-Onone";
			};
			name = Debug;
		};
		FA95936F2FE7ECAB00C23AFA /* Release configuration for PBXProject "Stride" */ = {
			isa = XCBuildConfiguration;
			buildSettings = {
				ALWAYS_SEARCH_USER_PATHS = NO;
				ASSETCATALOG_COMPILER_GENERATE_SWIFT_ASSET_SYMBOL_EXTENSIONS = YES;
				CLANG_ANALYZER_NONNULL = YES;
				CLANG_ANALYZER_NUMBER_OBJECT_CONVERSION = YES_AGGRESSIVE;
				CLANG_CXX_LANGUAGE_STANDARD = "gnu++20";
				CLANG_ENABLE_MODULES = YES;
				CLANG_ENABLE_OBJC_ARC = YES;
				CLANG_ENABLE_OBJC_WEAK = YES;
				CLANG_WARN_BLOCK_CAPTURE_AUTORELEASING = YES;
				CLANG_WARN_BOOL_CONVERSION = YES;
				CLANG_WARN_COMMA = YES;
				CLANG_WARN_CONSTANT_CONVERSION = YES;
				CLANG_WARN_DEPRECATED_OBJC_IMPLEMENTATIONS = YES;
				CLANG_WARN_DIRECT_OBJC_ISA_USAGE = YES_ERROR;
				CLANG_WARN_DOCUMENTATION_COMMENTS = YES;
				CLANG_WARN_EMPTY_BODY = YES;
				CLANG_WARN_ENUM_CONVERSION = YES;
				CLANG_WARN_INFINITE_RECURSION = YES;
				CLANG_WARN_INT_CONVERSION = YES;
				CLANG_WARN_NON_LITERAL_NULL_CONVERSION = YES;
				CLANG_WARN_OBJC_IMPLICIT_RETAIN_SELF = YES;
				CLANG_WARN_OBJC_LITERAL_CONVERSION = YES;
				CLANG_WARN_OBJC_ROOT_CLASS = YES_ERROR;
				CLANG_WARN_QUOTED_INCLUDE_IN_FRAMEWORK_HEADER = YES;
				CLANG_WARN_RANGE_LOOP_ANALYSIS = YES;
				CLANG_WARN_STRICT_PROTOTYPES = YES;
				CLANG_WARN_SUSPICIOUS_MOVE = YES;
				CLANG_WARN_UNGUARDED_AVAILABILITY = YES_AGGRESSIVE;
				CLANG_WARN_UNREACHABLE_CODE = YES;
				CLANG_WARN__DUPLICATE_METHOD_MATCH = YES;
				COPY_PHASE_STRIP = NO;
				DEBUG_INFORMATION_FORMAT = "dwarf-with-dsym";
				DEVELOPMENT_TEAM = 5Q23Q4QC3S;
				ENABLE_NS_ASSERTIONS = NO;
				ENABLE_STRICT_OBJC_MSGSEND = YES;
				ENABLE_USER_SCRIPT_SANDBOXING = YES;
				GCC_C_LANGUAGE_STANDARD = gnu17;
				GCC_NO_COMMON_BLOCKS = YES;
				GCC_WARN_64_TO_32_BIT_CONVERSION = YES;
				GCC_WARN_ABOUT_RETURN_TYPE = YES_ERROR;
				GCC_WARN_UNDECLARED_SELECTOR = YES;
				GCC_WARN_UNINITIALIZED_AUTOS = YES_AGGRESSIVE;
				GCC_WARN_UNUSED_FUNCTION = YES;
				GCC_WARN_UNUSED_VARIABLE = YES;
				LOCALIZATION_PREFERS_STRING_CATALOGS = YES;
				MTL_ENABLE_DEBUG_INFO = NO;
				MTL_FAST_MATH = YES;
				SWIFT_COMPILATION_MODE = wholemodule;
			};
			name = Release;
		};
		FA9593712FE7ECAB00C23AFA /* Debug configuration for PBXNativeTarget "Stride" */ = {
			isa = XCBuildConfiguration;
			buildSettings = {
				ASSETCATALOG_COMPILER_APPICON_NAME = AppIcon;
				ASSETCATALOG_COMPILER_GLOBAL_ACCENT_COLOR_NAME = AccentColor;
				CODE_SIGN_ENTITLEMENTS = Stride/Stride.entitlements;
				CODE_SIGN_STYLE = Automatic;
				CURRENT_PROJECT_VERSION = 1;
				DEVELOPMENT_TEAM = 5Q23Q4QC3S;
				ENABLE_APP_SANDBOX = YES;
				ENABLE_HARDENED_RUNTIME = YES;
				ENABLE_OUTGOING_NETWORK_CONNECTIONS = YES;
				ENABLE_PREVIEWS = YES;
				ENABLE_USER_SELECTED_FILES = readonly;
				GENERATE_INFOPLIST_FILE = YES;
				"INFOPLIST_KEY_UIApplicationSceneManifest_Generation[sdk=iphoneos*]" = YES;
				"INFOPLIST_KEY_UIApplicationSceneManifest_Generation[sdk=iphonesimulator*]" = YES;
				"INFOPLIST_KEY_UIApplicationSupportsIndirectInputEvents[sdk=iphoneos*]" = YES;
				"INFOPLIST_KEY_UIApplicationSupportsIndirectInputEvents[sdk=iphonesimulator*]" = YES;
				"INFOPLIST_KEY_UILaunchScreen_Generation[sdk=iphoneos*]" = YES;
				"INFOPLIST_KEY_UILaunchScreen_Generation[sdk=iphonesimulator*]" = YES;
				"INFOPLIST_KEY_UIStatusBarStyle[sdk=iphoneos*]" = UIStatusBarStyleDefault;
				"INFOPLIST_KEY_UIStatusBarStyle[sdk=iphonesimulator*]" = UIStatusBarStyleDefault;
				INFOPLIST_KEY_UISupportedInterfaceOrientations_iPad = "UIInterfaceOrientationPortrait UIInterfaceOrientationPortraitUpsideDown UIInterfaceOrientationLandscapeLeft UIInterfaceOrientationLandscapeRight";
				INFOPLIST_KEY_UISupportedInterfaceOrientations_iPhone = "UIInterfaceOrientationPortrait UIInterfaceOrientationLandscapeLeft UIInterfaceOrientationLandscapeRight";
				IPHONEOS_DEPLOYMENT_TARGET = 26.5;
				LD_RUNPATH_SEARCH_PATHS = "@executable_path/Frameworks";
				"LD_RUNPATH_SEARCH_PATHS[sdk=macosx*]" = "@executable_path/../Frameworks";
				MACOSX_DEPLOYMENT_TARGET = 27.0;
				MARKETING_VERSION = 1.0;
				PRODUCT_BUNDLE_IDENTIFIER = me.batashev.Stride;
				PRODUCT_NAME = "$(TARGET_NAME)";
				REGISTER_APP_GROUPS = YES;
				SDKROOT = auto;
				STRING_CATALOG_GENERATE_SYMBOLS = YES;
				SUPPORTED_PLATFORMS = "iphoneos iphonesimulator macosx xros xrsimulator";
				SWIFT_APPROACHABLE_CONCURRENCY = NO;
				SWIFT_DEFAULT_ACTOR_ISOLATION = nonisolated;
				SWIFT_EMIT_LOC_STRINGS = YES;
				SWIFT_UPCOMING_FEATURE_MEMBER_IMPORT_VISIBILITY = YES;
				SWIFT_VERSION = 5.0;
				TARGETED_DEVICE_FAMILY = "1,2,7";
				XROS_DEPLOYMENT_TARGET = 27.0;
			};
			name = Debug;
		};
		FA9593722FE7ECAB00C23AFA /* Release configuration for PBXNativeTarget "Stride" */ = {
			isa = XCBuildConfiguration;
			buildSettings = {
				ASSETCATALOG_COMPILER_APPICON_NAME = AppIcon;
				ASSETCATALOG_COMPILER_GLOBAL_ACCENT_COLOR_NAME = AccentColor;
				CODE_SIGN_ENTITLEMENTS = Stride/Stride.entitlements;
				CODE_SIGN_STYLE = Automatic;
				CURRENT_PROJECT_VERSION = 1;
				DEVELOPMENT_TEAM = 5Q23Q4QC3S;
				ENABLE_APP_SANDBOX = YES;
				ENABLE_HARDENED_RUNTIME = YES;
				ENABLE_OUTGOING_NETWORK_CONNECTIONS = YES;
				ENABLE_PREVIEWS = YES;
				ENABLE_USER_SELECTED_FILES = readonly;
				GENERATE_INFOPLIST_FILE = YES;
				"INFOPLIST_KEY_UIApplicationSceneManifest_Generation[sdk=iphoneos*]" = YES;
				"INFOPLIST_KEY_UIApplicationSceneManifest_Generation[sdk=iphonesimulator*]" = YES;
				"INFOPLIST_KEY_UIApplicationSupportsIndirectInputEvents[sdk=iphoneos*]" = YES;
				"INFOPLIST_KEY_UIApplicationSupportsIndirectInputEvents[sdk=iphonesimulator*]" = YES;
				"INFOPLIST_KEY_UILaunchScreen_Generation[sdk=iphoneos*]" = YES;
				"INFOPLIST_KEY_UILaunchScreen_Generation[sdk=iphonesimulator*]" = YES;
				"INFOPLIST_KEY_UIStatusBarStyle[sdk=iphoneos*]" = UIStatusBarStyleDefault;
				"INFOPLIST_KEY_UIStatusBarStyle[sdk=iphonesimulator*]" = UIStatusBarStyleDefault;
				INFOPLIST_KEY_UISupportedInterfaceOrientations_iPad = "UIInterfaceOrientationPortrait UIInterfaceOrientationPortraitUpsideDown UIInterfaceOrientationLandscapeLeft UIInterfaceOrientationLandscapeRight";
				INFOPLIST_KEY_UISupportedInterfaceOrientations_iPhone = "UIInterfaceOrientationPortrait UIInterfaceOrientationLandscapeLeft UIInterfaceOrientationLandscapeRight";
				IPHONEOS_DEPLOYMENT_TARGET = 26.5;
				LD_RUNPATH_SEARCH_PATHS = "@executable_path/Frameworks";
				"LD_RUNPATH_SEARCH_PATHS[sdk=macosx*]" = "@executable_path/../Frameworks";
				MACOSX_DEPLOYMENT_TARGET = 27.0;
				MARKETING_VERSION = 1.0;
				PRODUCT_BUNDLE_IDENTIFIER = me.batashev.Stride;
				PRODUCT_NAME = "$(TARGET_NAME)";
				REGISTER_APP_GROUPS = YES;
				SDKROOT = auto;
				STRING_CATALOG_GENERATE_SYMBOLS = YES;
				SUPPORTED_PLATFORMS = "iphoneos iphonesimulator macosx xros xrsimulator";
				SWIFT_APPROACHABLE_CONCURRENCY = NO;
				SWIFT_DEFAULT_ACTOR_ISOLATION = nonisolated;
				SWIFT_EMIT_LOC_STRINGS = YES;
				SWIFT_UPCOMING_FEATURE_MEMBER_IMPORT_VISIBILITY = YES;
				SWIFT_VERSION = 5.0;
				TARGETED_DEVICE_FAMILY = "1,2,7";
				XROS_DEPLOYMENT_TARGET = 27.0;
			};
			name = Release;
		};
		FA9593742FE7ECAB00C23AFA /* Debug configuration for PBXNativeTarget "StrideTests" */ = {
			isa = XCBuildConfiguration;
			buildSettings = {
				BUNDLE_LOADER = "$(TEST_HOST)";
				CODE_SIGN_STYLE = Automatic;
				CURRENT_PROJECT_VERSION = 1;
				DEVELOPMENT_TEAM = 5Q23Q4QC3S;
				GENERATE_INFOPLIST_FILE = YES;
				IPHONEOS_DEPLOYMENT_TARGET = 27.0;
				MACOSX_DEPLOYMENT_TARGET = 27.0;
				MARKETING_VERSION = 1.0;
				PRODUCT_BUNDLE_IDENTIFIER = me.batashev.StrideTests;
				PRODUCT_NAME = "$(TARGET_NAME)";
				SDKROOT = auto;
				STRING_CATALOG_GENERATE_SYMBOLS = NO;
				SUPPORTED_PLATFORMS = "iphoneos iphonesimulator macosx xros xrsimulator";
				SWIFT_APPROACHABLE_CONCURRENCY = NO;
				SWIFT_EMIT_LOC_STRINGS = NO;
				SWIFT_UPCOMING_FEATURE_MEMBER_IMPORT_VISIBILITY = YES;
				SWIFT_VERSION = 5.0;
				TARGETED_DEVICE_FAMILY = "1,2,7";
				TEST_HOST = "$(BUILT_PRODUCTS_DIR)/Stride.app/$(BUNDLE_EXECUTABLE_FOLDER_PATH)/Stride";
				XROS_DEPLOYMENT_TARGET = 27.0;
			};
			name = Debug;
		};
		FA9593752FE7ECAB00C23AFA /* Release configuration for PBXNativeTarget "StrideTests" */ = {
			isa = XCBuildConfiguration;
			buildSettings = {
				BUNDLE_LOADER = "$(TEST_HOST)";
				CODE_SIGN_STYLE = Automatic;
				CURRENT_PROJECT_VERSION = 1;
				DEVELOPMENT_TEAM = 5Q23Q4QC3S;
				GENERATE_INFOPLIST_FILE = YES;
				IPHONEOS_DEPLOYMENT_TARGET = 27.0;
				MACOSX_DEPLOYMENT_TARGET = 27.0;
				MARKETING_VERSION = 1.0;
				PRODUCT_BUNDLE_IDENTIFIER = me.batashev.StrideTests;
				PRODUCT_NAME = "$(TARGET_NAME)";
				SDKROOT = auto;
				STRING_CATALOG_GENERATE_SYMBOLS = NO;
				SUPPORTED_PLATFORMS = "iphoneos iphonesimulator macosx xros xrsimulator";
				SWIFT_APPROACHABLE_CONCURRENCY = NO;
				SWIFT_EMIT_LOC_STRINGS = NO;
				SWIFT_UPCOMING_FEATURE_MEMBER_IMPORT_VISIBILITY = YES;
				SWIFT_VERSION = 5.0;
				TARGETED_DEVICE_FAMILY = "1,2,7";
				TEST_HOST = "$(BUILT_PRODUCTS_DIR)/Stride.app/$(BUNDLE_EXECUTABLE_FOLDER_PATH)/Stride";
				XROS_DEPLOYMENT_TARGET = 27.0;
			};
			name = Release;
		};
		FA9593772FE7ECAB00C23AFA /* Debug configuration for PBXNativeTarget "StrideUITests" */ = {
			isa = XCBuildConfiguration;
			buildSettings = {
				CODE_SIGN_STYLE = Automatic;
				CURRENT_PROJECT_VERSION = 1;
				DEVELOPMENT_TEAM = 5Q23Q4QC3S;
				GENERATE_INFOPLIST_FILE = YES;
				IPHONEOS_DEPLOYMENT_TARGET = 27.0;
				MACOSX_DEPLOYMENT_TARGET = 27.0;
				MARKETING_VERSION = 1.0;
				PRODUCT_BUNDLE_IDENTIFIER = me.batashev.StrideUITests;
				PRODUCT_NAME = "$(TARGET_NAME)";
				SDKROOT = auto;
				STRING_CATALOG_GENERATE_SYMBOLS = NO;
				SUPPORTED_PLATFORMS = "iphoneos iphonesimulator macosx xros xrsimulator";
				SWIFT_APPROACHABLE_CONCURRENCY = NO;
				SWIFT_EMIT_LOC_STRINGS = NO;
				SWIFT_UPCOMING_FEATURE_MEMBER_IMPORT_VISIBILITY = YES;
				SWIFT_VERSION = 5.0;
				TARGETED_DEVICE_FAMILY = "1,2,7";
				TEST_TARGET_NAME = Stride;
				XROS_DEPLOYMENT_TARGET = 27.0;
			};
			name = Debug;
		};
		FA9593782FE7ECAB00C23AFA /* Release configuration for PBXNativeTarget "StrideUITests" */ = {
			isa = XCBuildConfiguration;
			buildSettings = {
				CODE_SIGN_STYLE = Automatic;
				CURRENT_PROJECT_VERSION = 1;
				DEVELOPMENT_TEAM = 5Q23Q4QC3S;
				GENERATE_INFOPLIST_FILE = YES;
				IPHONEOS_DEPLOYMENT_TARGET = 27.0;
				MACOSX_DEPLOYMENT_TARGET = 27.0;
				MARKETING_VERSION = 1.0;
				PRODUCT_BUNDLE_IDENTIFIER = me.batashev.StrideUITests;
				PRODUCT_NAME = "$(TARGET_NAME)";
				SDKROOT = auto;
				STRING_CATALOG_GENERATE_SYMBOLS = NO;
				SUPPORTED_PLATFORMS = "iphoneos iphonesimulator macosx xros xrsimulator";
				SWIFT_APPROACHABLE_CONCURRENCY = NO;
				SWIFT_EMIT_LOC_STRINGS = NO;
				SWIFT_UPCOMING_FEATURE_MEMBER_IMPORT_VISIBILITY = YES;
				SWIFT_VERSION = 5.0;
				TARGETED_DEVICE_FAMILY = "1,2,7";
				TEST_TARGET_NAME = Stride;
				XROS_DEPLOYMENT_TARGET = 27.0;
			};
			name = Release;
		};
		FDFD0100000000000000010B /* Debug configuration for PBXNativeTarget "StrideFileProvider" */ = {
			isa = XCBuildConfiguration;
			buildSettings = {
				CODE_SIGN_ENTITLEMENTS = StrideFileProvider/StrideFileProvider.entitlements;
				CODE_SIGN_STYLE = Automatic;
				CURRENT_PROJECT_VERSION = 1;
				DEVELOPMENT_TEAM = 5Q23Q4QC3S;
				ENABLE_APP_SANDBOX = YES;
				ENABLE_HARDENED_RUNTIME = YES;
				ENABLE_OUTGOING_NETWORK_CONNECTIONS = YES;
				GENERATE_INFOPLIST_FILE = NO;
				INFOPLIST_FILE = StrideFileProvider/Info.plist;
				IPHONEOS_DEPLOYMENT_TARGET = 26.5;
				LD_RUNPATH_SEARCH_PATHS = (
					"@executable_path/Frameworks",
					"@executable_path/../../Frameworks",
				);
				"LD_RUNPATH_SEARCH_PATHS[sdk=macosx*]" = (
					"@executable_path/../Frameworks",
					"@executable_path/../../../../Frameworks",
				);
				MACOSX_DEPLOYMENT_TARGET = 26.5;
				MARKETING_VERSION = 1.0;
				PRODUCT_BUNDLE_IDENTIFIER = me.batashev.Stride.StrideFileProvider;
				PRODUCT_NAME = "$(TARGET_NAME)";
				REGISTER_APP_GROUPS = YES;
				SDKROOT = auto;
				SKIP_INSTALL = YES;
				SUPPORTED_PLATFORMS = "iphoneos iphonesimulator macosx xros xrsimulator";
				SWIFT_EMIT_LOC_STRINGS = YES;
				SWIFT_VERSION = 5.0;
				TARGETED_DEVICE_FAMILY = "1,2,7";
				XROS_DEPLOYMENT_TARGET = 26.5;
			};
			name = Debug;
		};
		FDFD0100000000000000010C /* Release configuration for PBXNativeTarget "StrideFileProvider" */ = {
			isa = XCBuildConfiguration;
			buildSettings = {
				CODE_SIGN_ENTITLEMENTS = StrideFileProvider/StrideFileProvider.entitlements;
				CODE_SIGN_STYLE = Automatic;
				CURRENT_PROJECT_VERSION = 1;
				DEVELOPMENT_TEAM = 5Q23Q4QC3S;
				ENABLE_APP_SANDBOX = YES;
				ENABLE_HARDENED_RUNTIME = YES;
				ENABLE_OUTGOING_NETWORK_CONNECTIONS = YES;
				GENERATE_INFOPLIST_FILE = NO;
				INFOPLIST_FILE = StrideFileProvider/Info.plist;
				IPHONEOS_DEPLOYMENT_TARGET = 26.5;
				LD_RUNPATH_SEARCH_PATHS = (
					"@executable_path/Frameworks",
					"@executable_path/../../Frameworks",
				);
				"LD_RUNPATH_SEARCH_PATHS[sdk=macosx*]" = (
					"@executable_path/../Frameworks",
					"@executable_path/../../../../Frameworks",
				);
				MACOSX_DEPLOYMENT_TARGET = 26.5;
				MARKETING_VERSION = 1.0;
				PRODUCT_BUNDLE_IDENTIFIER = me.batashev.Stride.StrideFileProvider;
				PRODUCT_NAME = "$(TARGET_NAME)";
				REGISTER_APP_GROUPS = YES;
				SDKROOT = auto;
				SKIP_INSTALL = YES;
				SUPPORTED_PLATFORMS = "iphoneos iphonesimulator macosx xros xrsimulator";
				SWIFT_EMIT_LOC_STRINGS = YES;
				SWIFT_VERSION = 5.0;
				TARGETED_DEVICE_FAMILY = "1,2,7";
				XROS_DEPLOYMENT_TARGET = 26.5;
			};
			name = Release;
		};
/* End XCBuildConfiguration section */

/* Begin XCConfigurationList section */
		FA95934A2FE7ECAA00C23AFA /* Build configuration list for PBXProject "Stride" */ = {
			isa = XCConfigurationList;
			buildConfigurations = (
				FA95936E2FE7ECAB00C23AFA /* Debug configuration for PBXProject "Stride" */,
				FA95936F2FE7ECAB00C23AFA /* Release configuration for PBXProject "Stride" */,
			);
			defaultConfigurationName = Release;
		};
		FA9593702FE7ECAB00C23AFA /* Build configuration list for PBXNativeTarget "Stride" */ = {
			isa = XCConfigurationList;
			buildConfigurations = (
				FA9593712FE7ECAB00C23AFA /* Debug configuration for PBXNativeTarget "Stride" */,
				FA9593722FE7ECAB00C23AFA /* Release configuration for PBXNativeTarget "Stride" */,
			);
			defaultConfigurationName = Release;
		};
		FA9593732FE7ECAB00C23AFA /* Build configuration list for PBXNativeTarget "StrideTests" */ = {
			isa = XCConfigurationList;
			buildConfigurations = (
				FA9593742FE7ECAB00C23AFA /* Debug configuration for PBXNativeTarget "StrideTests" */,
				FA9593752FE7ECAB00C23AFA /* Release configuration for PBXNativeTarget "StrideTests" */,
			);
			defaultConfigurationName = Release;
		};
		FA9593762FE7ECAB00C23AFA /* Build configuration list for PBXNativeTarget "StrideUITests" */ = {
			isa = XCConfigurationList;
			buildConfigurations = (
				FA9593772FE7ECAB00C23AFA /* Debug configuration for PBXNativeTarget "StrideUITests" */,
				FA9593782FE7ECAB00C23AFA /* Release configuration for PBXNativeTarget "StrideUITests" */,
			);
			defaultConfigurationName = Release;
		};
		FDFD0100000000000000010A /* Build configuration list for PBXNativeTarget "StrideFileProvider" */ = {
			isa = XCConfigurationList;
			buildConfigurations = (
				FDFD0100000000000000010B /* Debug configuration for PBXNativeTarget "StrideFileProvider" */,
				FDFD0100000000000000010C /* Release configuration for PBXNativeTarget "StrideFileProvider" */,
			);
			defaultConfigurationName = Release;
		};
/* End XCConfigurationList section */

/* Begin XCRemoteSwiftPackageReference section */
		AB00CA0000000000000000B0 /* XCRemoteSwiftPackageReference "swift-markdown" */ = {
			isa = XCRemoteSwiftPackageReference;
			repositoryURL = "https://github.com/swiftlang/swift-markdown.git";
			requirement = {
				branch = main;
				kind = branch;
			};
		};
		FA9593792FE7ED1000C23AFA /* XCRemoteSwiftPackageReference "swift-composable-architecture" */ = {
			isa = XCRemoteSwiftPackageReference;
			repositoryURL = "https://github.com/pointfreeco/swift-composable-architecture";
			requirement = {
				kind = upToNextMajorVersion;
				minimumVersion = 1.26.0;
			};
		};
/* End XCRemoteSwiftPackageReference section */

/* Begin XCSwiftPackageProductDependency section */
		AB00CA0000000000000000A1 /* ComposableArchitecture */ = {
			isa = XCSwiftPackageProductDependency;
			package = FA9593792FE7ED1000C23AFA /* XCRemoteSwiftPackageReference "swift-composable-architecture" */;
			productName = ComposableArchitecture;
		};
		AB00CA0000000000000000B1 /* Markdown */ = {
			isa = XCSwiftPackageProductDependency;
			package = AB00CA0000000000000000B0 /* XCRemoteSwiftPackageReference "swift-markdown" */;
			productName = Markdown;
		};
/* End XCSwiftPackageProductDependency section */
	};
	rootObject = FA9593472FE7ECAA00C23AFA /* Project object */;
	validationLevel = 1;
}
